
Microsoft Visual Studio Solution File, Format Version 11.00
# Visual Studio 2010
Project("{FAE04EC0-301F-11D3-BF4B-00C04F79EFBC}") = "Assembly-CSharp", "Assembly-CSharp.csproj", "{82ef9954-78af-6488-e56e-101f786c2871}"
EndProject
Project("{FAE04EC0-301F-11D3-BF4B-00C04F79EFBC}") = "Assembly-CSharp-Editor", "Assembly-CSharp-Editor.csproj", "{6eaa0e22-a24c-4f7f-2a62-04670a636836}"
EndProject
Global
	GlobalSection(SolutionConfigurationPlatforms) = preSolution
		Debug|Any CPU = Debug|Any CPU
	EndGlobalSection
	GlobalSection(ProjectConfigurationPlatforms) = postSolution
		{82ef9954-78af-6488-e56e-101f786c2871}.Debug|Any CPU.ActiveCfg = Debug|Any CPU
		{82ef9954-78af-6488-e56e-101f786c2871}.Debug|Any CPU.Build.0 = Debug|Any CPU
		{6eaa0e22-a24c-4f7f-2a62-04670a636836}.Debug|Any CPU.ActiveCfg = Debug|Any CPU
		{6eaa0e22-a24c-4f7f-2a62-04670a636836}.Debug|Any CPU.Build.0 = Debug|Any CPU
	EndGlobalSection
	GlobalSection(SolutionProperties) = preSolution
		HideSolutionNode = FALSE
	EndGlobalSection
EndGlobal
